PODS:
  - Flutter (1.0.0)
  - flutter_bluetooth_printer (2.0.0):
    - Flutter
  - flutter_tesseract_ocr (0.3.4):
    - Flutter
    - SwiftyTesseract
  - isar_community_flutter_libs (1.0.0):
    - Flutter
  - permission_handler_apple (9.3.0):
    - Flutter
  - SwiftyTesseract (3.1.3)
  - unified_esc_pos_printer (1.0.0):
    - Flutter

DEPENDENCIES:
  - Flutter (from `Flutter`)
  - flutter_bluetooth_printer (from `.symlinks/plugins/flutter_bluetooth_printer/ios`)
  - flutter_tesseract_ocr (from `.symlinks/plugins/flutter_tesseract_ocr/ios`)
  - isar_community_flutter_libs (from `.symlinks/plugins/isar_community_flutter_libs/ios`)
  - permission_handler_apple (from `.symlinks/plugins/permission_handler_apple/ios`)
  - unified_esc_pos_printer (from `.symlinks/plugins/unified_esc_pos_printer/ios`)

SPEC REPOS:
  trunk:
    - SwiftyTesseract

EXTERNAL SOURCES:
  Flutter:
    :path: Flutter
  flutter_bluetooth_printer:
    :path: ".symlinks/plugins/flutter_bluetooth_printer/ios"
  flutter_tesseract_ocr:
    :path: ".symlinks/plugins/flutter_tesseract_ocr/ios"
  isar_community_flutter_libs:
    :path: ".symlinks/plugins/isar_community_flutter_libs/ios"
  permission_handler_apple:
    :path: ".symlinks/plugins/permission_handler_apple/ios"
  unified_esc_pos_printer:
    :path: ".symlinks/plugins/unified_esc_pos_printer/ios"

SPEC CHECKSUMS:
  Flutter: cabc95a1d2626b1b06e7179b784ebcf0c0cde467
  flutter_bluetooth_printer: 03d6206c1cb42dc233d3d30b0071fac068c184fd
  flutter_tesseract_ocr: c01971df9e5817a08563298b8ce571fa10e164f1
  isar_community_flutter_libs: cf478bdca01f7fb2bde0320930a785456748f1ad
  permission_handler_apple: 9878588469a2b0d0fc1e048d9f43605f92e6cec2
  SwiftyTesseract: 1f3d96668ae92dc2208d9842c8a59bea9fad2cbb
  unified_esc_pos_printer: ec763b844eba04ddab83a77149bd184e60b717b6

PODFILE CHECKSUM: eee421ac0de77df3793c02bab7db99051cdbf79b

COCOAPODS: 1.16.2
